
Microsoft Visual Studio Solution File, Format Version 12.00
# Visual Studio Version 16
VisualStudioVersion = 16.0.29201.188
MinimumVisualStudioVersion = 16.0.29201.188
Project("{2150E333-8FDC-42A3-9474-1A3956D46DE8}") = "Solution Items", "Solution Items", "{9A6C4741-C83D-4E05-A62F-8049F65B9B6C}"
	ProjectSection(SolutionItems) = preProject
		.editorconfig = .editorconfig
		appveyor.yml = appveyor.yml
		Directory.Build.props = Directory.Build.props
		mdsnippets.json = mdsnippets.json
		..\readme.source.md = ..\readme.source.md
	EndProjectSection
EndProject
Project("{9A19103F-16F7-4668-BE54-9A1E7A4F7556}") = "FakeDiffTool", "FakeDiffTool\FakeDiffTool.csproj", "{2B054DB2-42A0-4F3E-87CC-30D6E926D0D9}"
EndProject
Project("{9A19103F-16F7-4668-BE54-9A1E7A4F7556}") = "DiffEngine", "DiffEngine\DiffEngine.csproj", "{F494B6C2-29B4-4D73-8533-AF197D882970}"
EndProject
Project("{9A19103F-16F7-4668-BE54-9A1E7A4F7556}") = "DiffEngineTray", "DiffEngineTray\DiffEngineTray.csproj", "{E3C93E88-603E-4AA3-8AAF-0B5F7497012C}"
EndProject
Project("{9A19103F-16F7-4668-BE54-9A1E7A4F7556}") = "DiffEngine.Tests", "DiffEngine.Tests\DiffEngine.Tests.csproj", "{A7B838DE-86BF-4C57-8563-7295D583C93A}"
EndProject
Project("{9A19103F-16F7-4668-BE54-9A1E7A4F7556}") = "DiffEngineTray.Tests", "DiffEngineTray.Tests\DiffEngineTray.Tests.csproj", "{E339AB28-21B2-47DB-B995-EB2C4CE8BA99}"
EndProject
Project("{FAE04EC0-301F-11D3-BF4B-00C04F79EFBC}") = "DiffEngineTray.Common", "DiffEngineTray.Common\DiffEngineTray.Common.csproj", "{B62FBE96-EB1E-4621-AA31-8971862FC4FB}"
EndProject
Global
	GlobalSection(SolutionConfigurationPlatforms) = preSolution
		Debug|Any CPU = Debug|Any CPU
		MacOS|Any CPU = MacOS|Any CPU
		Release|Any CPU = Release|Any CPU
	EndGlobalSection
	GlobalSection(ProjectConfigurationPlatforms) = postSolution
		{2B054DB2-42A0-4F3E-87CC-30D6E926D0D9}.Debug|Any CPU.ActiveCfg = Debug|Any CPU
		{2B054DB2-42A0-4F3E-87CC-30D6E926D0D9}.Debug|Any CPU.Build.0 = Debug|Any CPU
		{2B054DB2-42A0-4F3E-87CC-30D6E926D0D9}.MacOS|Any CPU.ActiveCfg = MacOS|Any CPU
		{2B054DB2-42A0-4F3E-87CC-30D6E926D0D9}.MacOS|Any CPU.Build.0 = MacOS|Any CPU
		{2B054DB2-42A0-4F3E-87CC-30D6E926D0D9}.Release|Any CPU.ActiveCfg = Release|Any CPU
		{2B054DB2-42A0-4F3E-87CC-30D6E926D0D9}.Release|Any CPU.Build.0 = Release|Any CPU
		{F494B6C2-29B4-4D73-8533-AF197D882970}.Debug|Any CPU.ActiveCfg = Debug|Any CPU
		{F494B6C2-29B4-4D73-8533-AF197D882970}.Debug|Any CPU.Build.0 = Debug|Any CPU
		{F494B6C2-29B4-4D73-8533-AF197D882970}.MacOS|Any CPU.ActiveCfg = MacOS|Any CPU
		{F494B6C2-29B4-4D73-8533-AF197D882970}.MacOS|Any CPU.Build.0 = MacOS|Any CPU
		{F494B6C2-29B4-4D73-8533-AF197D882970}.Release|Any CPU.ActiveCfg = Release|Any CPU
		{F494B6C2-29B4-4D73-8533-AF197D882970}.Release|Any CPU.Build.0 = Release|Any CPU
		{E3C93E88-603E-4AA3-8AAF-0B5F7497012C}.Debug|Any CPU.ActiveCfg = Debug|Any CPU
		{E3C93E88-603E-4AA3-8AAF-0B5F7497012C}.Debug|Any CPU.Build.0 = Debug|Any CPU
		{E3C93E88-603E-4AA3-8AAF-0B5F7497012C}.MacOS|Any CPU.ActiveCfg = MacOS|Any CPU
		{E3C93E88-603E-4AA3-8AAF-0B5F7497012C}.Release|Any CPU.ActiveCfg = Release|Any CPU
		{E3C93E88-603E-4AA3-8AAF-0B5F7497012C}.Release|Any CPU.Build.0 = Release|Any CPU
		{A7B838DE-86BF-4C57-8563-7295D583C93A}.Debug|Any CPU.ActiveCfg = Debug|Any CPU
		{A7B838DE-86BF-4C57-8563-7295D583C93A}.Debug|Any CPU.Build.0 = Debug|Any CPU
		{A7B838DE-86BF-4C57-8563-7295D583C93A}.MacOS|Any CPU.ActiveCfg = MacOS|Any CPU
		{A7B838DE-86BF-4C57-8563-7295D583C93A}.MacOS|Any CPU.Build.0 = MacOS|Any CPU
		{A7B838DE-86BF-4C57-8563-7295D583C93A}.Release|Any CPU.ActiveCfg = Release|Any CPU
		{A7B838DE-86BF-4C57-8563-7295D583C93A}.Release|Any CPU.Build.0 = Release|Any CPU
		{E339AB28-21B2-47DB-B995-EB2C4CE8BA99}.Debug|Any CPU.ActiveCfg = Debug|Any CPU
		{E339AB28-21B2-47DB-B995-EB2C4CE8BA99}.Debug|Any CPU.Build.0 = Debug|Any CPU
		{E339AB28-21B2-47DB-B995-EB2C4CE8BA99}.MacOS|Any CPU.ActiveCfg = MacOS|Any CPU
		{E339AB28-21B2-47DB-B995-EB2C4CE8BA99}.Release|Any CPU.ActiveCfg = Release|Any CPU
		{E339AB28-21B2-47DB-B995-EB2C4CE8BA99}.Release|Any CPU.Build.0 = Release|Any CPU
		{B62FBE96-EB1E-4621-AA31-8971862FC4FB}.Debug|Any CPU.ActiveCfg = Debug|Any CPU
		{B62FBE96-EB1E-4621-AA31-8971862FC4FB}.Debug|Any CPU.Build.0 = Debug|Any CPU
		{B62FBE96-EB1E-4621-AA31-8971862FC4FB}.MacOS|Any CPU.ActiveCfg = Debug|Any CPU
		{B62FBE96-EB1E-4621-AA31-8971862FC4FB}.MacOS|Any CPU.Build.0 = Debug|Any CPU
		{B62FBE96-EB1E-4621-AA31-8971862FC4FB}.Release|Any CPU.ActiveCfg = Release|Any CPU
		{B62FBE96-EB1E-4621-AA31-8971862FC4FB}.Release|Any CPU.Build.0 = Release|Any CPU
	EndGlobalSection
	GlobalSection(SolutionProperties) = preSolution
		HideSolutionNode = FALSE
	EndGlobalSection
	GlobalSection(ExtensibilityGlobals) = postSolution
		SolutionGuid = {B0B94980-5385-4EC6-A0EE-C9A191DDFC05}
	EndGlobalSection
EndGlobal
